
Microsoft Visual Studio Solution File, Format Version 12.00
# Visual Studio Version 17
VisualStudioVersion = 17.10.34928.147
MinimumVisualStudioVersion = 10.0.40219.1
Project("{FAE04EC0-301F-11D3-BF4B-00C04F79EFBC}") = "AopPoc", "AopPoc.csproj", "{D24952DF-9E43-4BA9-8476-BDE189C05029}"
EndProject
Global
	GlobalSection(SolutionConfigurationPlatforms) = preSolution
		Debug|Any CPU = Debug|Any CPU
		Release|Any CPU = Release|Any CPU
	EndGlobalSection
	GlobalSection(ProjectConfigurationPlatforms) = postSolution
		{D24952DF-9E43-4BA9-8476-BDE189C05029}.Debug|Any CPU.ActiveCfg = Debug|Any CPU
		{D24952DF-9E43-4BA9-8476-BDE189C05029}.Debug|Any CPU.Build.0 = Debug|Any CPU
		{D24952DF-9E43-4BA9-8476-BDE189C05029}.Release|Any CPU.ActiveCfg = Release|Any CPU
		{D24952DF-9E43-4BA9-8476-BDE189C05029}.Release|Any CPU.Build.0 = Release|Any CPU
	EndGlobalSection
	GlobalSection(SolutionProperties) = preSolution
		HideSolutionNode = FALSE
	EndGlobalSection
	GlobalSection(ExtensibilityGlobals) = postSolution
		SolutionGuid = {FD83D032-4DCA-4AFA-AAAD-E77881E6525E}
	EndGlobalSection
EndGlobal
